
Microsoft Visual Studio Solution File, Format Version 12.00
# Visual Studio 15
VisualStudioVersion = 15.0.28307.329
MinimumVisualStudioVersion = 10.0.40219.1
Project("{FAE04EC0-301F-11D3-BF4B-00C04F79EFBC}") = "aws_code_build_tut1", "aws_code_build_tut1\aws_code_build_tut1.csproj", "{46C794E2-F403-4EAA-BBED-4F2F41B4F650}"
EndProject
Global
	GlobalSection(SolutionConfigurationPlatforms) = preSolution
		Debug|Any CPU = Debug|Any CPU
		Release|Any CPU = Release|Any CPU
	EndGlobalSection
	GlobalSection(ProjectConfigurationPlatforms) = postSolution
		{46C794E2-F403-4EAA-BBED-4F2F41B4F650}.Debug|Any CPU.ActiveCfg = Debug|Any CPU
		{46C794E2-F403-4EAA-BBED-4F2F41B4F650}.Debug|Any CPU.Build.0 = Debug|Any CPU
		{46C794E2-F403-4EAA-BBED-4F2F41B4F650}.Release|Any CPU.ActiveCfg = Release|Any CPU
		{46C794E2-F403-4EAA-BBED-4F2F41B4F650}.Release|Any CPU.Build.0 = Release|Any CPU
	EndGlobalSection
	GlobalSection(SolutionProperties) = preSolution
		HideSolutionNode = FALSE
	EndGlobalSection
	GlobalSection(ExtensibilityGlobals) = postSolution
		SolutionGuid = {5123B8D1-293C-4A89-BA32-E77049785D39}
	EndGlobalSection
EndGlobal
